
Microsoft Visual Studio Solution File, Format Version 12.00
# Visual Studio Version 16
VisualStudioVersion = 16.0.31515.178
MinimumVisualStudioVersion = 10.0.40219.1
Project("{FAE04EC0-301F-11D3-BF4B-00C04F79EFBC}") = "pokemon-back", "pokemon-back\pokemon-back.csproj", "{CF31AED9-5AA3-4EBB-9DC5-16FB766D4C3D}"
EndProject
Global
	GlobalSection(SolutionConfigurationPlatforms) = preSolution
		Debug|Any CPU = Debug|Any CPU
		Release|Any CPU = Release|Any CPU
	EndGlobalSection
	GlobalSection(ProjectConfigurationPlatforms) = postSolution
		{CF31AED9-5AA3-4EBB-9DC5-16FB766D4C3D}.Debug|Any CPU.ActiveCfg = Debug|Any CPU
		{CF31AED9-5AA3-4EBB-9DC5-16FB766D4C3D}.Debug|Any CPU.Build.0 = Debug|Any CPU
		{CF31AED9-5AA3-4EBB-9DC5-16FB766D4C3D}.Release|Any CPU.ActiveCfg = Release|Any CPU
		{CF31AED9-5AA3-4EBB-9DC5-16FB766D4C3D}.Release|Any CPU.Build.0 = Release|Any CPU
	EndGlobalSection
	GlobalSection(SolutionProperties) = preSolution
		HideSolutionNode = FALSE
	EndGlobalSection
	GlobalSection(ExtensibilityGlobals) = postSolution
		SolutionGuid = {ED5FF667-4D65-4014-9499-3EC743BA95CC}
	EndGlobalSection
EndGlobal
